// !$*UTF8*$!
{
	archiveVersion = 1;
	classes = {
	};
	objectVersion = 56;
	objects = {

/* Begin PBXBuildFile section */
		82F9BB5A295562E00066BD30 /* AppDelegate.swift in Sources */ = {isa = PBXBuildFile; fileRef = 82F9BB59295562E00066BD30 /* AppDelegate.swift */; };
		82F9BB5C295562E00066BD30 /* SceneDelegate.swift in Sources */ = {isa = PBXBuildFile; fileRef = 82F9BB5B295562E00066BD30 /* SceneDelegate.swift */; };
		82F9BB61295562E00066BD30 /* Main.storyboard in Resources */ = {isa = PBXBuildFile; fileRef = 82F9BB5F295562E00066BD30 /* Main.storyboard */; };
		82F9BB63295562E20066BD30 /* Assets.xcassets in Resources */ = {isa = PBXBuildFile; fileRef = 82F9BB62295562E20066BD30 /* Assets.xcassets */; };
		82F9BB66295562E20066BD30 /* LaunchScreen.storyboard in Resources */ = {isa = PBXBuildFile; fileRef = 82F9BB64295562E20066BD30 /* LaunchScreen.storyboard */; };
		82F9BB71295577640066BD30 /* HomeVC.swift in Sources */ = {isa = PBXBuildFile; fileRef = 82F9BB70295577640066BD30 /* HomeVC.swift */; };
		82F9BB74295579E10066BD30 /* HomeCell.swift in Sources */ = {isa = PBXBuildFile; fileRef = 82F9BB73295579E10066BD30 /* HomeCell.swift */; };
/* End PBXBuildFile section */

/* Begin PBXFileReference section */
		82F9BB56295562DF0066BD30 /* AvadhMewadaPractical.app */ = {isa = PBXFileReference; explicitFileType = wrapper.application; includeInIndex = 0; path = AvadhMewadaPractical.app; sourceTree = BUILT_PRODUCTS_DIR; };
		82F9BB59295562E00066BD30 /* AppDelegate.swift */ = {isa = PBXFileReference; lastKnownFileType = sourcecode.swift; path = AppDelegate.swift; sourceTree = "<group>"; };
		82F9BB5B295562E00066BD30 /* SceneDelegate.swift */ = {isa = PBXFileReference; lastKnownFileType = sourcecode.swift; path = SceneDelegate.swift; sourceTree = "<group>"; };
		82F9BB60295562E00066BD30 /* Base */ = {isa = PBXFileReference; lastKnownFileType = file.storyboard; name = Base; path = Base.lproj/Main.storyboard; sourceTree = "<group>"; };
		82F9BB62295562E20066BD30 /* Assets.xcassets */ = {isa = PBXFileReference; lastKnownFileType = folder.assetcatalog; path = Assets.xcassets; sourceTree = "<group>"; };
		82F9BB65295562E20066BD30 /* Base */ = {isa = PBXFileReference; lastKnownFileType = file.storyboard; name = Base; path = Base.lproj/LaunchScreen.storyboard; sourceTree = "<group>"; };
		82F9BB67295562E20066BD30 /* Info.plist */ = {isa = PBXFileReference; lastKnownFileType = text.plist.xml; path = Info.plist; sourceTree = "<group>"; };
		82F9BB70295577640066BD30 /* HomeVC.swift */ = {isa = PBXFileReference; lastKnownFileType = sourcecode.swift; path = HomeVC.swift; sourceTree = "<group>"; };
		82F9BB73295579E10066BD30 /* HomeCell.swift */ = {isa = PBXFileReference; lastKnownFileType = sourcecode.swift; path = HomeCell.swift; sourceTree = "<group>"; };
/* End PBXFileReference section */

/* Begin PBXFrameworksBuildPhase section */
		82F9BB53295562DF0066BD30 /* Frameworks */ = {
			isa = PBXFrameworksBuildPhase;
			buildActionMask = 2147483647;
			files = (
			);
			runOnlyForDeploymentPostprocessing = 0;
		};
/* End PBXFrameworksBuildPhase section */

/* Begin PBXGroup section */
		82F9BB4D295562DF0066BD30 = {
			isa = PBXGroup;
			children = (
				82F9BB58295562DF0066BD30 /* AvadhMewadaPractical */,
				82F9BB57295562DF0066BD30 /* Products */,
			);
			sourceTree = "<group>";
		};
		82F9BB57295562DF0066BD30 /* Products */ = {
			isa = PBXGroup;
			children = (
				82F9BB56295562DF0066BD30 /* AvadhMewadaPractical.app */,
			);
			name = Products;
			sourceTree = "<group>";
		};
		82F9BB58295562DF0066BD30 /* AvadhMewadaPractical */ = {
			isa = PBXGroup;
			children = (
				82F9BB72295579B90066BD30 /* View */,
				82F9BB6F295576FE0066BD30 /* Model */,
				82F9BB6E295576CF0066BD30 /* ViewController */,
				82F9BB6D295576900066BD30 /* Delegates */,
				82F9BB5F295562E00066BD30 /* Main.storyboard */,
				82F9BB62295562E20066BD30 /* Assets.xcassets */,
				82F9BB64295562E20066BD30 /* LaunchScreen.storyboard */,
				82F9BB67295562E20066BD30 /* Info.plist */,
			);
			path = AvadhMewadaPractical;
			sourceTree = "<group>";
		};
		82F9BB6D295576900066BD30 /* Delegates */ = {
			isa = PBXGroup;
			children = (
				82F9BB59295562E00066BD30 /* AppDelegate.swift */,
				82F9BB5B295562E00066BD30 /* SceneDelegate.swift */,
			);
			path = Delegates;
			sourceTree = "<group>";
		};
		82F9BB6E295576CF0066BD30 /* ViewController */ = {
			isa = PBXGroup;
			children = (
				82F9BB70295577640066BD30 /* HomeVC.swift */,
			);
			path = ViewController;
			sourceTree = "<group>";
		};
		82F9BB6F295576FE0066BD30 /* Model */ = {
			isa = PBXGroup;
			children = (
			);
			path = Model;
			sourceTree = "<group>";
		};
		82F9BB72295579B90066BD30 /* View */ = {
			isa = PBXGroup;
			children = (
				82F9BB73295579E10066BD30 /* HomeCell.swift */,
			);
			path = View;
			sourceTree = "<group>";
		};
/* End PBXGroup section */

/* Begin PBXNativeTarget section */
		82F9BB55295562DF0066BD30 /* AvadhMewadaPractical */ = {
			isa = PBXNativeTarget;
			buildConfigurationList = 82F9BB6A295562E20066BD30 /* Build configuration list for PBXNativeTarget "AvadhMewadaPractical" */;
			buildPhases = (
				82F9BB52295562DF0066BD30 /* Sources */,
				82F9BB53295562DF0066BD30 /* Frameworks */,
				82F9BB54295562DF0066BD30 /* Resources */,
			);
			buildRules = (
			);
			dependencies = (
			);
			name = AvadhMewadaPractical;
			productName = AvadhMewadaPractical;
			productReference = 82F9BB56295562DF0066BD30 /* AvadhMewadaPractical.app */;
			productType = "com.apple.product-type.application";
		};
/* End PBXNativeTarget section */

/* Begin PBXProject section */
		82F9BB4E295562DF0066BD30 /* Project object */ = {
			isa = PBXProject;
			attributes = {
				BuildIndependentTargetsInParallel = 1;
				LastSwiftUpdateCheck = 1400;
				LastUpgradeCheck = 1400;
				TargetAttributes = {
					82F9BB55295562DF0066BD30 = {
						CreatedOnToolsVersion = 14.0;
					};
				};
			};
			buildConfigurationList = 82F9BB51295562DF0066BD30 /* Build configuration list for PBXProject "AvadhMewadaPractical" */;
			compatibilityVersion = "Xcode 14.0";
			developmentRegion = en;
			hasScannedForEncodings = 0;
			knownRegions = (
				en,
				Base,
			);
			mainGroup = 82F9BB4D295562DF0066BD30;
			productRefGroup = 82F9BB57295562DF0066BD30 /* Products */;
			projectDirPath = "";
			projectRoot = "";
			targets = (
				82F9BB55295562DF0066BD30 /* AvadhMewadaPractical */,
			);
		};
/* End PBXProject section */

/* Begin PBXResourcesBuildPhase section */
		82F9BB54295562DF0066BD30 /* Resources */ = {
			isa = PBXResourcesBuildPhase;
			buildActionMask = 2147483647;
			files = (
				82F9BB66295562E20066BD30 /* LaunchScreen.storyboard in Resources */,
				82F9BB63295562E20066BD30 /* Assets.xcassets in Resources */,
				82F9BB61295562E00066BD30 /* Main.storyboard in Resources */,
			);
			runOnlyForDeploymentPostprocessing = 0;
		};
/* End PBXResourcesBuildPhase section */

/* Begin PBXSourcesBuildPhase section */
		82F9BB52295562DF0066BD30 /* Sources */ = {
			isa = PBXSourcesBuildPhase;
			buildActionMask = 2147483647;
			files = (
				82F9BB71295577640066BD30 /* HomeVC.swift in Sources */,
				82F9BB5A295562E00066BD30 /* AppDelegate.swift in Sources */,
				82F9BB5C295562E00066BD30 /* SceneDelegate.swift in Sources */,
				82F9BB74295579E10066BD30 /* HomeCell.swift in Sources */,
			);
			runOnlyForDeploymentPostprocessing = 0;
		};
/* End PBXSourcesBuildPhase section */

/* Begin PBXVariantGroup section */
		82F9BB5F295562E00066BD30 /* Main.storyboard */ = {
			isa = PBXVariantGroup;
			children = (
				82F9BB60295562E00066BD30 /* Base */,
			);
			name = Main.storyboard;
			sourceTree = "<group>";
		};
		82F9BB64295562E20066BD30 /* LaunchScreen.storyboard */ = {
			isa = PBXVariantGroup;
			children = (
				82F9BB65295562E20066BD30 /* Base */,
			);
			name = LaunchScreen.storyboard;
			sourceTree = "<group>";
		};
/* End PBXVariantGroup section */

/* Begin XCBuildConfiguration section */
		82F9BB68295562E20066BD30 /* Debug */ = {
			isa = XCBuildConfiguration;
			buildSettings = {
				ALWAYS_SEARCH_USER_PATHS = NO;
				CLANG_ANALYZER_NONNULL = YES;
				CLANG_ANALYZER_NUMBER_OBJECT_CONVERSION = YES_AGGRESSIVE;
				CLANG_CXX_LANGUAGE_STANDARD = "gnu++20";
				CLANG_ENABLE_MODULES = YES;
				CLANG_ENABLE_OBJC_ARC = YES;
				CLANG_ENABLE_OBJC_WEAK = YES;
				CLANG_WARN_BLOCK_CAPTURE_AUTORELEASING = YES;
				CLANG_WARN_BOOL_CONVERSION = YES;
				CLANG_WARN_COMMA = YES;
				CLANG_WARN_CONSTANT_CONVERSION = YES;
				CLANG_WARN_DEPRECATED_OBJC_IMPLEMENTATIONS = YES;
				CLANG_WARN_DIRECT_OBJC_ISA_USAGE = YES_ERROR;
				CLANG_WARN_DOCUMENTATION_COMMENTS = YES;
				CLANG_WARN_EMPTY_BODY = YES;
				CLANG_WARN_ENUM_CONVERSION = YES;
				CLANG_WARN_INFINITE_RECURSION = YES;
				CLANG_WARN_INT_CONVERSION = YES;
				CLANG_WARN_NON_LITERAL_NULL_CONVERSION = YES;
				CLANG_WARN_OBJC_IMPLICIT_RETAIN_SELF = YES;
				CLANG_WARN_OBJC_LITERAL_CONVERSION = YES;
				CLANG_WARN_OBJC_ROOT_CLASS = YES_ERROR;
				CLANG_WARN_QUOTED_INCLUDE_IN_FRAMEWORK_HEADER = YES;
				CLANG_WARN_RANGE_LOOP_ANALYSIS = YES;
				CLANG_WARN_STRICT_PROTOTYPES = YES;
				CLANG_WARN_SUSPICIOUS_MOVE = YES;
				CLANG_WARN_UNGUARDED_AVAILABILITY = YES_AGGRESSIVE;
				CLANG_WARN_UNREACHABLE_CODE = YES;
				CLANG_WARN__DUPLICATE_METHOD_MATCH = YES;
				COPY_PHASE_STRIP = NO;
				DEBUG_INFORMATION_FORMAT = dwarf;
				ENABLE_STRICT_OBJC_MSGSEND = YES;
				ENABLE_TESTABILITY = YES;
				GCC_C_LANGUAGE_STANDARD = gnu11;
				GCC_DYNAMIC_NO_PIC = NO;
				GCC_NO_COMMON_BLOCKS = YES;
				GCC_OPTIMIZATION_LEVEL = 0;
				GCC_PREPROCESSOR_DEFINITIONS = (
					"DEBUG=1",
					"$(inherited)",
				);
				GCC_WARN_64_TO_32_BIT_CONVERSION = YES;
				GCC_WARN_ABOUT_RETURN_TYPE = YES_ERROR;
				GCC_WARN_UNDECLARED_SELECTOR = YES;
				GCC_WARN_UNINITIALIZED_AUTOS = YES_AGGRESSIVE;
				GCC_WARN_UNUSED_FUNCTION = YES;
				GCC_WARN_UNUSED_VARIABLE = YES;
				IPHONEOS_DEPLOYMENT_TARGET = 16.0;
				MTL_ENABLE_DEBUG_INFO = INCLUDE_SOURCE;
				MTL_FAST_MATH = YES;
				ONLY_ACTIVE_ARCH = YES;
				SDKROOT = iphoneos;
				SWIFT_ACTIVE_COMPILATION_CONDITIONS = DEBUG;
				SWIFT_OPTIMIZATION_LEVEL = "-Onone";
			};
			name = Debug;
		};
		82F9BB69295562E20066BD30 /* Release */ = {
			isa = XCBuildConfiguration;
			buildSettings = {
				ALWAYS_SEARCH_USER_PATHS = NO;
				CLANG_ANALYZER_NONNULL = YES;
				CLANG_ANALYZER_NUMBER_OBJECT_CONVERSION = YES_AGGRESSIVE;
				CLANG_CXX_LANGUAGE_STANDARD = "gnu++20";
				CLANG_ENABLE_MODULES = YES;
				CLANG_ENABLE_OBJC_ARC = YES;
				CLANG_ENABLE_OBJC_WEAK = YES;
				CLANG_WARN_BLOCK_CAPTURE_AUTORELEASING = YES;
				CLANG_WARN_BOOL_CONVERSION = YES;
				CLANG_WARN_COMMA = YES;
				CLANG_WARN_CONSTANT_CONVERSION = YES;
				CLANG_WARN_DEPRECATED_OBJC_IMPLEMENTATIONS = YES;
				CLANG_WARN_DIRECT_OBJC_ISA_USAGE = YES_ERROR;
				CLANG_WARN_DOCUMENTATION_COMMENTS = YES;
				CLANG_WARN_EMPTY_BODY = YES;
				CLANG_WARN_ENUM_CONVERSION = YES;
				CLANG_WARN_INFINITE_RECURSION = YES;
				CLANG_WARN_INT_CONVERSION = YES;
				CLANG_WARN_NON_LITERAL_NULL_CONVERSION = YES;
				CLANG_WARN_OBJC_IMPLICIT_RETAIN_SELF = YES;
				CLANG_WARN_OBJC_LITERAL_CONVERSION = YES;
				CLANG_WARN_OBJC_ROOT_CLASS = YES_ERROR;
				CLANG_WARN_QUOTED_INCLUDE_IN_FRAMEWORK_HEADER = YES;
				CLANG_WARN_RANGE_LOOP_ANALYSIS = YES;
				CLANG_WARN_STRICT_PROTOTYPES = YES;
				CLANG_WARN_SUSPICIOUS_MOVE = YES;
				CLANG_WARN_UNGUARDED_AVAILABILITY = YES_AGGRESSIVE;
				CLANG_WARN_UNREACHABLE_CODE = YES;
				CLANG_WARN__DUPLICATE_METHOD_MATCH = YES;
				COPY_PHASE_STRIP = NO;
				DEBUG_INFORMATION_FORMAT = "dwarf-with-dsym";
				ENABLE_NS_ASSERTIONS = NO;
				ENABLE_STRICT_OBJC_MSGSEND = YES;
				GCC_C_LANGUAGE_STANDARD = gnu11;
				GCC_NO_COMMON_BLOCKS = YES;
				GCC_WARN_64_TO_32_BIT_CONVERSION = YES;
				GCC_WARN_ABOUT_RETURN_TYPE = YES_ERROR;
				GCC_WARN_UNDECLARED_SELECTOR = YES;
				GCC_WARN_UNINITIALIZED_AUTOS = YES_AGGRESSIVE;
				GCC_WARN_UNUSED_FUNCTION = YES;
				GCC_WARN_UNUSED_VARIABLE = YES;
				IPHONEOS_DEPLOYMENT_TARGET = 16.0;
				MTL_ENABLE_DEBUG_INFO = NO;
				MTL_FAST_MATH = YES;
				SDKROOT = iphoneos;
				SWIFT_COMPILATION_MODE = wholemodule;
				SWIFT_OPTIMIZATION_LEVEL = "-O";
				VALIDATE_PRODUCT = YES;
			};
			name = Release;
		};
		82F9BB6B295562E20066BD30 /* Debug */ = {
			isa = XCBuildConfiguration;
			buildSettings = {
				ASSETCATALOG_COMPILER_APPICON_NAME = AppIcon;
				ASSETCATALOG_COMPILER_GLOBAL_ACCENT_COLOR_NAME = AccentColor;
				CODE_SIGN_STYLE = Automatic;
				CURRENT_PROJECT_VERSION = 1;
				DEVELOPMENT_TEAM = V599C3GGU9;
				GENERATE_INFOPLIST_FILE = YES;
				INFOPLIST_FILE = AvadhMewadaPractical/Info.plist;
				INFOPLIST_KEY_UIApplicationSupportsIndirectInputEvents = YES;
				INFOPLIST_KEY_UILaunchStoryboardName = LaunchScreen;
				INFOPLIST_KEY_UIMainStoryboardFile = Main;
				INFOPLIST_KEY_UISupportedInterfaceOrientations_iPad = "UIInterfaceOrientationPortrait UIInterfaceOrientationPortraitUpsideDown UIInterfaceOrientationLandscapeLeft UIInterfaceOrientationLandscapeRight";
				INFOPLIST_KEY_UISupportedInterfaceOrientations_iPhone = "UIInterfaceOrientationPortrait UIInterfaceOrientationLandscapeLeft UIInterfaceOrientationLandscapeRight";
				LD_RUNPATH_SEARCH_PATHS = (
					"$(inherited)",
					"@executable_path/Frameworks",
				);
				MARKETING_VERSION = 1.0;
				PRODUCT_BUNDLE_IDENTIFIER = com.avadhmewada.AvadhMewadaPractical;
				PRODUCT_NAME = "$(TARGET_NAME)";
				SWIFT_EMIT_LOC_STRINGS = YES;
				SWIFT_VERSION = 5.0;
				TARGETED_DEVICE_FAMILY = "1,2";
			};
			name = Debug;
		};
		82F9BB6C295562E20066BD30 /* Release */ = {
			isa = XCBuildConfiguration;
			buildSettings = {
				ASSETCATALOG_COMPILER_APPICON_NAME = AppIcon;
				ASSETCATALOG_COMPILER_GLOBAL_ACCENT_COLOR_NAME = AccentColor;
				CODE_SIGN_STYLE = Automatic;
				CURRENT_PROJECT_VERSION = 1;
				DEVELOPMENT_TEAM = V599C3GGU9;
				GENERATE_INFOPLIST_FILE = YES;
				INFOPLIST_FILE = AvadhMewadaPractical/Info.plist;
				INFOPLIST_KEY_UIApplicationSupportsIndirectInputEvents = YES;
				INFOPLIST_KEY_UILaunchStoryboardName = LaunchScreen;
				INFOPLIST_KEY_UIMainStoryboardFile = Main;
				INFOPLIST_KEY_UISupportedInterfaceOrientations_iPad = "UIInterfaceOrientationPortrait UIInterfaceOrientationPortraitUpsideDown UIInterfaceOrientationLandscapeLeft UIInterfaceOrientationLandscapeRight";
				INFOPLIST_KEY_UISupportedInterfaceOrientations_iPhone = "UIInterfaceOrientationPortrait UIInterfaceOrientationLandscapeLeft UIInterfaceOrientationLandscapeRight";
				LD_RUNPATH_SEARCH_PATHS = (
					"$(inherited)",
					"@executable_path/Frameworks",
				);
				MARKETING_VERSION = 1.0;
				PRODUCT_BUNDLE_IDENTIFIER = com.avadhmewada.AvadhMewadaPractical;
				PRODUCT_NAME = "$(TARGET_NAME)";
				SWIFT_EMIT_LOC_STRINGS = YES;
				SWIFT_VERSION = 5.0;
				TARGETED_DEVICE_FAMILY = "1,2";
			};
			name = Release;
		};
/* End XCBuildConfiguration section */

/* Begin XCConfigurationList section */
		82F9BB51295562DF0066BD30 /* Build configuration list for PBXProject "AvadhMewadaPractical" */ = {
			isa = XCConfigurationList;
			buildConfigurations = (
				82F9BB68295562E20066BD30 /* Debug */,
				82F9BB69295562E20066BD30 /* Release */,
			);
			defaultConfigurationIsVisible = 0;
			defaultConfigurationName = Release;
		};
		82F9BB6A295562E20066BD30 /* Build configuration list for PBXNativeTarget "AvadhMewadaPractical" */ = {
			isa = XCConfigurationList;
			buildConfigurations = (
				82F9BB6B295562E20066BD30 /* Debug */,
				82F9BB6C295562E20066BD30 /* Release */,
			);
			defaultConfigurationIsVisible = 0;
			defaultConfigurationName = Release;
		};
/* End XCConfigurationList section */
	};
	rootObject = 82F9BB4E295562DF0066BD30 /* Project object */;
}
